
Microsoft Visual Studio Solution File, Format Version 12.00
# Visual Studio Version 16
VisualStudioVersion = 16.0.30104.148
MinimumVisualStudioVersion = 10.0.40219.1
Project("{888888A0-9F3D-457C-B088-3A5042F75D52}") = "saddsa", "saddsa\saddsa.pyproj", "{B8EF3874-6AB5-409F-BD72-898DD5829699}"
EndProject
Global
	GlobalSection(SolutionConfigurationPlatforms) = preSolution
		Debug|Any CPU = Debug|Any CPU
		Release|Any CPU = Release|Any CPU
	EndGlobalSection
	GlobalSection(ProjectConfigurationPlatforms) = postSolution
		{B8EF3874-6AB5-409F-BD72-898DD5829699}.Debug|Any CPU.ActiveCfg = Debug|Any CPU
		{B8EF3874-6AB5-409F-BD72-898DD5829699}.Release|Any CPU.ActiveCfg = Release|Any CPU
	EndGlobalSection
	GlobalSection(SolutionProperties) = preSolution
		HideSolutionNode = FALSE
	EndGlobalSection
	GlobalSection(ExtensibilityGlobals) = postSolution
		SolutionGuid = {7B093EAE-6273-4114-AA27-7CC1B86F8B17}
	EndGlobalSection
EndGlobal
